
Microsoft Visual Studio Solution File, Format Version 12.00
# Visual Studio Version 17
VisualStudioVersion = 17.8.34330.188
MinimumVisualStudioVersion = 10.0.40219.1
Project("{FAE04EC0-301F-11D3-BF4B-00C04F79EFBC}") = "RESTCore", "MundoClone\RESTCore.csproj", "{403D780D-F36C-42A3-9871-87675464EE87}"
EndProject
Project("{FAE04EC0-301F-11D3-BF4B-00C04F79EFBC}") = "Common", "Common\Common.csproj", "{5B643E24-BBB9-4088-AEE6-158321BDF758}"
EndProject
Project("{FAE04EC0-301F-11D3-BF4B-00C04F79EFBC}") = "ORM", "ORM\ORM.csproj", "{E30DF1D9-0498-43F5-BFB2-D36B99028183}"
EndProject
Global
	GlobalSection(SolutionConfigurationPlatforms) = preSolution
		Debug|Any CPU = Debug|Any CPU
		Release|Any CPU = Release|Any CPU
	EndGlobalSection
	GlobalSection(ProjectConfigurationPlatforms) = postSolution
		{403D780D-F36C-42A3-9871-87675464EE87}.Debug|Any CPU.ActiveCfg = Debug|Any CPU
		{403D780D-F36C-42A3-9871-87675464EE87}.Debug|Any CPU.Build.0 = Debug|Any CPU
		{403D780D-F36C-42A3-9871-87675464EE87}.Release|Any CPU.ActiveCfg = Release|Any CPU
		{403D780D-F36C-42A3-9871-87675464EE87}.Release|Any CPU.Build.0 = Release|Any CPU
		{5B643E24-BBB9-4088-AEE6-158321BDF758}.Debug|Any CPU.ActiveCfg = Debug|Any CPU
		{5B643E24-BBB9-4088-AEE6-158321BDF758}.Debug|Any CPU.Build.0 = Debug|Any CPU
		{5B643E24-BBB9-4088-AEE6-158321BDF758}.Release|Any CPU.ActiveCfg = Release|Any CPU
		{5B643E24-BBB9-4088-AEE6-158321BDF758}.Release|Any CPU.Build.0 = Release|Any CPU
		{E30DF1D9-0498-43F5-BFB2-D36B99028183}.Debug|Any CPU.ActiveCfg = Debug|Any CPU
		{E30DF1D9-0498-43F5-BFB2-D36B99028183}.Debug|Any CPU.Build.0 = Debug|Any CPU
		{E30DF1D9-0498-43F5-BFB2-D36B99028183}.Release|Any CPU.ActiveCfg = Release|Any CPU
		{E30DF1D9-0498-43F5-BFB2-D36B99028183}.Release|Any CPU.Build.0 = Release|Any CPU
	EndGlobalSection
	GlobalSection(SolutionProperties) = preSolution
		HideSolutionNode = FALSE
	EndGlobalSection
	GlobalSection(ExtensibilityGlobals) = postSolution
		SolutionGuid = {AD344AC9-3A5A-4517-840A-89F430FCE133}
	EndGlobalSection
EndGlobal
